
Microsoft Visual Studio Solution File, Format Version 12.00
# Visual Studio Version 17
VisualStudioVersion = 17.11.35312.102
MinimumVisualStudioVersion = 10.0.40219.1
Project("{FAE04EC0-301F-11D3-BF4B-00C04F79EFBC}") = "MonoGameTest", "MonoGameTest.csproj", "{986D4101-6236-46C7-BA59-004083D6FB5F}"
EndProject
Global
	GlobalSection(SolutionConfigurationPlatforms) = preSolution
		Debug|Any CPU = Debug|Any CPU
		Release|Any CPU = Release|Any CPU
	EndGlobalSection
	GlobalSection(ProjectConfigurationPlatforms) = postSolution
		{986D4101-6236-46C7-BA59-004083D6FB5F}.Debug|Any CPU.ActiveCfg = Debug|Any CPU
		{986D4101-6236-46C7-BA59-004083D6FB5F}.Debug|Any CPU.Build.0 = Debug|Any CPU
		{986D4101-6236-46C7-BA59-004083D6FB5F}.Release|Any CPU.ActiveCfg = Release|Any CPU
		{986D4101-6236-46C7-BA59-004083D6FB5F}.Release|Any CPU.Build.0 = Release|Any CPU
	EndGlobalSection
	GlobalSection(SolutionProperties) = preSolution
		HideSolutionNode = FALSE
	EndGlobalSection
	GlobalSection(ExtensibilityGlobals) = postSolution
		SolutionGuid = {869954D2-4781-4C4C-BDE1-3F341C411393}
	EndGlobalSection
EndGlobal
